
Microsoft Visual Studio Solution File, Format Version 12.00
# Visual Studio Version 16
VisualStudioVersion = 16.0.32106.194
MinimumVisualStudioVersion = 10.0.40219.1
Project("{FAE04EC0-301F-11D3-BF4B-00C04F79EFBC}") = "F002434", "ConsoleApp1\F002434.csproj", "{F49C3D9F-3056-4FCE-8C5C-1489ABCADF75}"
EndProject
Global
	GlobalSection(SolutionConfigurationPlatforms) = preSolution
		Debug|Any CPU = Debug|Any CPU
		Release|Any CPU = Release|Any CPU
	EndGlobalSection
	GlobalSection(ProjectConfigurationPlatforms) = postSolution
		{F49C3D9F-3056-4FCE-8C5C-1489ABCADF75}.Debug|Any CPU.ActiveCfg = Debug|Any CPU
		{F49C3D9F-3056-4FCE-8C5C-1489ABCADF75}.Debug|Any CPU.Build.0 = Debug|Any CPU
		{F49C3D9F-3056-4FCE-8C5C-1489ABCADF75}.Release|Any CPU.ActiveCfg = Release|Any CPU
		{F49C3D9F-3056-4FCE-8C5C-1489ABCADF75}.Release|Any CPU.Build.0 = Release|Any CPU
	EndGlobalSection
	GlobalSection(SolutionProperties) = preSolution
		HideSolutionNode = FALSE
	EndGlobalSection
	GlobalSection(ExtensibilityGlobals) = postSolution
		SolutionGuid = {624023A2-E5E2-48C9-A229-86CC3B1631E7}
	EndGlobalSection
EndGlobal
